// !$*UTF8*$!
{
	archiveVersion = 1;
	classes = {
	};
	objectVersion = 55;
	objects = {

/* Begin PBXBuildFile section */
		4E1356BB27CE0C4000CEC50B /* SwiftModuleDemoApp.swift in Sources */ = {isa = PBXBuildFile; fileRef = 4E1356BA27CE0C4000CEC50B /* SwiftModuleDemoApp.swift */; };
		4E1356BD27CE0C4000CEC50B /* ContentView.swift in Sources */ = {isa = PBXBuildFile; fileRef = 4E1356BC27CE0C4000CEC50B /* ContentView.swift */; };
		4E1356BF27CE0C4000CEC50B /* Assets.xcassets in Resources */ = {isa = PBXBuildFile; fileRef = 4E1356BE27CE0C4000CEC50B /* Assets.xcassets */; };
		4E1356C227CE0C4000CEC50B /* Preview Assets.xcassets in Resources */ = {isa = PBXBuildFile; fileRef = 4E1356C127CE0C4000CEC50B /* Preview Assets.xcassets */; };
		4E1356CC27CE0C9100CEC50B /* Speaker in Frameworks */ = {isa = PBXBuildFile; productRef = 4E1356CB27CE0C9100CEC50B /* Speaker */; };
		4EB9F09D27CE3C9B00B6E231 /* Dog in Frameworks */ = {isa = PBXBuildFile; productRef = 4EB9F09C27CE3C9B00B6E231 /* Dog */; };
		4EB9F13227CF6FF500B6E231 /* Basket in Frameworks */ = {isa = PBXBuildFile; productRef = 4EB9F13127CF6FF500B6E231 /* Basket */; };
		4EB9F18027D0D14D00B6E231 /* Transverter in Frameworks */ = {isa = PBXBuildFile; productRef = 4EB9F17F27D0D14D00B6E231 /* Transverter */; };
		4EB9F1BB27D1B62C00B6E231 /* Visitor in Frameworks */ = {isa = PBXBuildFile; productRef = 4EB9F1BA27D1B62C00B6E231 /* Visitor */; };
/* End PBXBuildFile section */

/* Begin PBXFileReference section */
		4E1356B727CE0C4000CEC50B /* SwiftModuleDemo.app */ = {isa = PBXFileReference; explicitFileType = wrapper.application; includeInIndex = 0; path = SwiftModuleDemo.app; sourceTree = BUILT_PRODUCTS_DIR; };
		4E1356BA27CE0C4000CEC50B /* SwiftModuleDemoApp.swift */ = {isa = PBXFileReference; lastKnownFileType = sourcecode.swift; path = SwiftModuleDemoApp.swift; sourceTree = "<group>"; };
		4E1356BC27CE0C4000CEC50B /* ContentView.swift */ = {isa = PBXFileReference; lastKnownFileType = sourcecode.swift; path = ContentView.swift; sourceTree = "<group>"; };
		4E1356BE27CE0C4000CEC50B /* Assets.xcassets */ = {isa = PBXFileReference; lastKnownFileType = folder.assetcatalog; path = Assets.xcassets; sourceTree = "<group>"; };
		4E1356C127CE0C4000CEC50B /* Preview Assets.xcassets */ = {isa = PBXFileReference; lastKnownFileType = folder.assetcatalog; path = "Preview Assets.xcassets"; sourceTree = "<group>"; };
		4E1356C927CE0C8700CEC50B /* Speaker */ = {isa = PBXFileReference; lastKnownFileType = wrapper; name = Speaker; path = ../Speaker; sourceTree = "<group>"; };
		4EB9F13027CF6FD700B6E231 /* Basket */ = {isa = PBXFileReference; lastKnownFileType = wrapper; name = Basket; path = ../Basket; sourceTree = "<group>"; };
		4EB9F17E27D0D11D00B6E231 /* Transverter */ = {isa = PBXFileReference; lastKnownFileType = wrapper; name = Transverter; path = ../Transverter; sourceTree = "<group>"; };
		4EB9F1B927D1B52400B6E231 /* Visitor */ = {isa = PBXFileReference; lastKnownFileType = wrapper; name = Visitor; path = ../Visitor; sourceTree = "<group>"; };
/* End PBXFileReference section */

/* Begin PBXFrameworksBuildPhase section */
		4E1356B427CE0C4000CEC50B /* Frameworks */ = {
			isa = PBXFrameworksBuildPhase;
			buildActionMask = 2147483647;
			files = (
				4E1356CC27CE0C9100CEC50B /* Speaker in Frameworks */,
				4EB9F1BB27D1B62C00B6E231 /* Visitor in Frameworks */,
				4EB9F13227CF6FF500B6E231 /* Basket in Frameworks */,
				4EB9F09D27CE3C9B00B6E231 /* Dog in Frameworks */,
				4EB9F18027D0D14D00B6E231 /* Transverter in Frameworks */,
			);
			runOnlyForDeploymentPostprocessing = 0;
		};
/* End PBXFrameworksBuildPhase section */

/* Begin PBXGroup section */
		4E1356AE27CE0C4000CEC50B = {
			isa = PBXGroup;
			children = (
				4E1356C827CE0C8700CEC50B /* Packages */,
				4E1356B927CE0C4000CEC50B /* SwiftModuleDemo */,
				4E1356B827CE0C4000CEC50B /* Products */,
				4E1356CA27CE0C9100CEC50B /* Frameworks */,
			);
			sourceTree = "<group>";
		};
		4E1356B827CE0C4000CEC50B /* Products */ = {
			isa = PBXGroup;
			children = (
				4E1356B727CE0C4000CEC50B /* SwiftModuleDemo.app */,
			);
			name = Products;
			sourceTree = "<group>";
		};
		4E1356B927CE0C4000CEC50B /* SwiftModuleDemo */ = {
			isa = PBXGroup;
			children = (
				4E1356BA27CE0C4000CEC50B /* SwiftModuleDemoApp.swift */,
				4E1356BC27CE0C4000CEC50B /* ContentView.swift */,
				4E1356BE27CE0C4000CEC50B /* Assets.xcassets */,
				4E1356C027CE0C4000CEC50B /* Preview Content */,
			);
			path = SwiftModuleDemo;
			sourceTree = "<group>";
		};
		4E1356C027CE0C4000CEC50B /* Preview Content */ = {
			isa = PBXGroup;
			children = (
				4E1356C127CE0C4000CEC50B /* Preview Assets.xcassets */,
			);
			path = "Preview Content";
			sourceTree = "<group>";
		};
		4E1356C827CE0C8700CEC50B /* Packages */ = {
			isa = PBXGroup;
			children = (
				4E1356C927CE0C8700CEC50B /* Speaker */,
				4EB9F13027CF6FD700B6E231 /* Basket */,
				4EB9F17E27D0D11D00B6E231 /* Transverter */,
				4EB9F1B927D1B52400B6E231 /* Visitor */,
			);
			name = Packages;
			sourceTree = "<group>";
		};
		4E1356CA27CE0C9100CEC50B /* Frameworks */ = {
			isa = PBXGroup;
			children = (
			);
			name = Frameworks;
			sourceTree = "<group>";
		};
/* End PBXGroup section */

/* Begin PBXNativeTarget section */
		4E1356B627CE0C4000CEC50B /* SwiftModuleDemo */ = {
			isa = PBXNativeTarget;
			buildConfigurationList = 4E1356C527CE0C4000CEC50B /* Build configuration list for PBXNativeTarget "SwiftModuleDemo" */;
			buildPhases = (
				4E1356B327CE0C4000CEC50B /* Sources */,
				4E1356B427CE0C4000CEC50B /* Frameworks */,
				4E1356B527CE0C4000CEC50B /* Resources */,
			);
			buildRules = (
			);
			dependencies = (
			);
			name = SwiftModuleDemo;
			packageProductDependencies = (
				4E1356CB27CE0C9100CEC50B /* Speaker */,
				4EB9F09C27CE3C9B00B6E231 /* Dog */,
				4EB9F13127CF6FF500B6E231 /* Basket */,
				4EB9F17F27D0D14D00B6E231 /* Transverter */,
				4EB9F1BA27D1B62C00B6E231 /* Visitor */,
			);
			productName = SwiftModuleDemo;
			productReference = 4E1356B727CE0C4000CEC50B /* SwiftModuleDemo.app */;
			productType = "com.apple.product-type.application";
		};
/* End PBXNativeTarget section */

/* Begin PBXProject section */
		4E1356AF27CE0C4000CEC50B /* Project object */ = {
			isa = PBXProject;
			attributes = {
				BuildIndependentTargetsInParallel = 1;
				LastSwiftUpdateCheck = 1320;
				LastUpgradeCheck = 1320;
				TargetAttributes = {
					4E1356B627CE0C4000CEC50B = {
						CreatedOnToolsVersion = 13.2.1;
					};
				};
			};
			buildConfigurationList = 4E1356B227CE0C4000CEC50B /* Build configuration list for PBXProject "SwiftModuleDemo" */;
			compatibilityVersion = "Xcode 13.0";
			developmentRegion = en;
			hasScannedForEncodings = 0;
			knownRegions = (
				en,
				Base,
			);
			mainGroup = 4E1356AE27CE0C4000CEC50B;
			packageReferences = (
				4EB9F09B27CE3C9B00B6E231 /* XCRemoteSwiftPackageReference "TKSPDog" */,
			);
			productRefGroup = 4E1356B827CE0C4000CEC50B /* Products */;
			projectDirPath = "";
			projectRoot = "";
			targets = (
				4E1356B627CE0C4000CEC50B /* SwiftModuleDemo */,
			);
		};
/* End PBXProject section */

/* Begin PBXResourcesBuildPhase section */
		4E1356B527CE0C4000CEC50B /* Resources */ = {
			isa = PBXResourcesBuildPhase;
			buildActionMask = 2147483647;
			files = (
				4E1356C227CE0C4000CEC50B /* Preview Assets.xcassets in Resources */,
				4E1356BF27CE0C4000CEC50B /* Assets.xcassets in Resources */,
			);
			runOnlyForDeploymentPostprocessing = 0;
		};
/* End PBXResourcesBuildPhase section */

/* Begin PBXSourcesBuildPhase section */
		4E1356B327CE0C4000CEC50B /* Sources */ = {
			isa = PBXSourcesBuildPhase;
			buildActionMask = 2147483647;
			files = (
				4E1356BD27CE0C4000CEC50B /* ContentView.swift in Sources */,
				4E1356BB27CE0C4000CEC50B /* SwiftModuleDemoApp.swift in Sources */,
			);
			runOnlyForDeploymentPostprocessing = 0;
		};
/* End PBXSourcesBuildPhase section */

/* Begin XCBuildConfiguration section */
		4E1356C327CE0C4000CEC50B /* Debug */ = {
			isa = XCBuildConfiguration;
			buildSettings = {
				ALWAYS_SEARCH_USER_PATHS = NO;
				CLANG_ANALYZER_NONNULL = YES;
				CLANG_ANALYZER_NUMBER_OBJECT_CONVERSION = YES_AGGRESSIVE;
				CLANG_CXX_LANGUAGE_STANDARD = "gnu++17";
				CLANG_CXX_LIBRARY = "libc++";
				CLANG_ENABLE_MODULES = YES;
				CLANG_ENABLE_OBJC_ARC = YES;
				CLANG_ENABLE_OBJC_WEAK = YES;
				CLANG_WARN_BLOCK_CAPTURE_AUTORELEASING = YES;
				CLANG_WARN_BOOL_CONVERSION = YES;
				CLANG_WARN_COMMA = YES;
				CLANG_WARN_CONSTANT_CONVERSION = YES;
				CLANG_WARN_DEPRECATED_OBJC_IMPLEMENTATIONS = YES;
				CLANG_WARN_DIRECT_OBJC_ISA_USAGE = YES_ERROR;
				CLANG_WARN_DOCUMENTATION_COMMENTS = YES;
				CLANG_WARN_EMPTY_BODY = YES;
				CLANG_WARN_ENUM_CONVERSION = YES;
				CLANG_WARN_INFINITE_RECURSION = YES;
				CLANG_WARN_INT_CONVERSION = YES;
				CLANG_WARN_NON_LITERAL_NULL_CONVERSION = YES;
				CLANG_WARN_OBJC_IMPLICIT_RETAIN_SELF = YES;
				CLANG_WARN_OBJC_LITERAL_CONVERSION = YES;
				CLANG_WARN_OBJC_ROOT_CLASS = YES_ERROR;
				CLANG_WARN_QUOTED_INCLUDE_IN_FRAMEWORK_HEADER = YES;
				CLANG_WARN_RANGE_LOOP_ANALYSIS = YES;
				CLANG_WARN_STRICT_PROTOTYPES = YES;
				CLANG_WARN_SUSPICIOUS_MOVE = YES;
				CLANG_WARN_UNGUARDED_AVAILABILITY = YES_AGGRESSIVE;
				CLANG_WARN_UNREACHABLE_CODE = YES;
				CLANG_WARN__DUPLICATE_METHOD_MATCH = YES;
				COPY_PHASE_STRIP = NO;
				DEBUG_INFORMATION_FORMAT = dwarf;
				ENABLE_STRICT_OBJC_MSGSEND = YES;
				ENABLE_TESTABILITY = YES;
				GCC_C_LANGUAGE_STANDARD = gnu11;
				GCC_DYNAMIC_NO_PIC = NO;
				GCC_NO_COMMON_BLOCKS = YES;
				GCC_OPTIMIZATION_LEVEL = 0;
				GCC_PREPROCESSOR_DEFINITIONS = (
					"DEBUG=1",
					"$(inherited)",
				);
				GCC_WARN_64_TO_32_BIT_CONVERSION = YES;
				GCC_WARN_ABOUT_RETURN_TYPE = YES_ERROR;
				GCC_WARN_UNDECLARED_SELECTOR = YES;
				GCC_WARN_UNINITIALIZED_AUTOS = YES_AGGRESSIVE;
				GCC_WARN_UNUSED_FUNCTION = YES;
				GCC_WARN_UNUSED_VARIABLE = YES;
				IPHONEOS_DEPLOYMENT_TARGET = 15.2;
				MTL_ENABLE_DEBUG_INFO = INCLUDE_SOURCE;
				MTL_FAST_MATH = YES;
				ONLY_ACTIVE_ARCH = YES;
				SDKROOT = iphoneos;
				SWIFT_ACTIVE_COMPILATION_CONDITIONS = DEBUG;
				SWIFT_OPTIMIZATION_LEVEL = "-Onone";
			};
			name = Debug;
		};
		4E1356C427CE0C4000CEC50B /* Release */ = {
			isa = XCBuildConfiguration;
			buildSettings = {
				ALWAYS_SEARCH_USER_PATHS = NO;
				CLANG_ANALYZER_NONNULL = YES;
				CLANG_ANALYZER_NUMBER_OBJECT_CONVERSION = YES_AGGRESSIVE;
				CLANG_CXX_LANGUAGE_STANDARD = "gnu++17";
				CLANG_CXX_LIBRARY = "libc++";
				CLANG_ENABLE_MODULES = YES;
				CLANG_ENABLE_OBJC_ARC = YES;
				CLANG_ENABLE_OBJC_WEAK = YES;
				CLANG_WARN_BLOCK_CAPTURE_AUTORELEASING = YES;
				CLANG_WARN_BOOL_CONVERSION = YES;
				CLANG_WARN_COMMA = YES;
				CLANG_WARN_CONSTANT_CONVERSION = YES;
				CLANG_WARN_DEPRECATED_OBJC_IMPLEMENTATIONS = YES;
				CLANG_WARN_DIRECT_OBJC_ISA_USAGE = YES_ERROR;
				CLANG_WARN_DOCUMENTATION_COMMENTS = YES;
				CLANG_WARN_EMPTY_BODY = YES;
				CLANG_WARN_ENUM_CONVERSION = YES;
				CLANG_WARN_INFINITE_RECURSION = YES;
				CLANG_WARN_INT_CONVERSION = YES;
				CLANG_WARN_NON_LITERAL_NULL_CONVERSION = YES;
				CLANG_WARN_OBJC_IMPLICIT_RETAIN_SELF = YES;
				CLANG_WARN_OBJC_LITERAL_CONVERSION = YES;
				CLANG_WARN_OBJC_ROOT_CLASS = YES_ERROR;
				CLANG_WARN_QUOTED_INCLUDE_IN_FRAMEWORK_HEADER = YES;
				CLANG_WARN_RANGE_LOOP_ANALYSIS = YES;
				CLANG_WARN_STRICT_PROTOTYPES = YES;
				CLANG_WARN_SUSPICIOUS_MOVE = YES;
				CLANG_WARN_UNGUARDED_AVAILABILITY = YES_AGGRESSIVE;
				CLANG_WARN_UNREACHABLE_CODE = YES;
				CLANG_WARN__DUPLICATE_METHOD_MATCH = YES;
				COPY_PHASE_STRIP = NO;
				DEBUG_INFORMATION_FORMAT = "dwarf-with-dsym";
				ENABLE_NS_ASSERTIONS = NO;
				ENABLE_STRICT_OBJC_MSGSEND = YES;
				GCC_C_LANGUAGE_STANDARD = gnu11;
				GCC_NO_COMMON_BLOCKS = YES;
				GCC_WARN_64_TO_32_BIT_CONVERSION = YES;
				GCC_WARN_ABOUT_RETURN_TYPE = YES_ERROR;
				GCC_WARN_UNDECLARED_SELECTOR = YES;
				GCC_WARN_UNINITIALIZED_AUTOS = YES_AGGRESSIVE;
				GCC_WARN_UNUSED_FUNCTION = YES;
				GCC_WARN_UNUSED_VARIABLE = YES;
				IPHONEOS_DEPLOYMENT_TARGET = 15.2;
				MTL_ENABLE_DEBUG_INFO = NO;
				MTL_FAST_MATH = YES;
				SDKROOT = iphoneos;
				SWIFT_COMPILATION_MODE = wholemodule;
				SWIFT_OPTIMIZATION_LEVEL = "-O";
				VALIDATE_PRODUCT = YES;
			};
			name = Release;
		};
		4E1356C627CE0C4000CEC50B /* Debug */ = {
			isa = XCBuildConfiguration;
			buildSettings = {
				ASSETCATALOG_COMPILER_APPICON_NAME = AppIcon;
				ASSETCATALOG_COMPILER_GLOBAL_ACCENT_COLOR_NAME = AccentColor;
				CODE_SIGN_STYLE = Automatic;
				CURRENT_PROJECT_VERSION = 1;
				DEVELOPMENT_ASSET_PATHS = "\"SwiftModuleDemo/Preview Content\"";
				DEVELOPMENT_TEAM = 466T2LS7MJ;
				ENABLE_PREVIEWS = YES;
				GENERATE_INFOPLIST_FILE = YES;
				INFOPLIST_KEY_UIApplicationSceneManifest_Generation = YES;
				INFOPLIST_KEY_UIApplicationSupportsIndirectInputEvents = YES;
				INFOPLIST_KEY_UILaunchScreen_Generation = YES;
				INFOPLIST_KEY_UISupportedInterfaceOrientations_iPad = "UIInterfaceOrientationPortrait UIInterfaceOrientationPortraitUpsideDown UIInterfaceOrientationLandscapeLeft UIInterfaceOrientationLandscapeRight";
				INFOPLIST_KEY_UISupportedInterfaceOrientations_iPhone = "UIInterfaceOrientationPortrait UIInterfaceOrientationLandscapeLeft UIInterfaceOrientationLandscapeRight";
				LD_RUNPATH_SEARCH_PATHS = (
					"$(inherited)",
					"@executable_path/Frameworks",
				);
				MARKETING_VERSION = 1.0;
				PRODUCT_BUNDLE_IDENTIFIER = com.toki.personal.SwiftModuleDemo;
				PRODUCT_NAME = "$(TARGET_NAME)";
				SWIFT_EMIT_LOC_STRINGS = YES;
				SWIFT_VERSION = 5.0;
				TARGETED_DEVICE_FAMILY = "1,2";
			};
			name = Debug;
		};
		4E1356C727CE0C4000CEC50B /* Release */ = {
			isa = XCBuildConfiguration;
			buildSettings = {
				ASSETCATALOG_COMPILER_APPICON_NAME = AppIcon;
				ASSETCATALOG_COMPILER_GLOBAL_ACCENT_COLOR_NAME = AccentColor;
				CODE_SIGN_STYLE = Automatic;
				CURRENT_PROJECT_VERSION = 1;
				DEVELOPMENT_ASSET_PATHS = "\"SwiftModuleDemo/Preview Content\"";
				DEVELOPMENT_TEAM = 466T2LS7MJ;
				ENABLE_PREVIEWS = YES;
				GENERATE_INFOPLIST_FILE = YES;
				INFOPLIST_KEY_UIApplicationSceneManifest_Generation = YES;
				INFOPLIST_KEY_UIApplicationSupportsIndirectInputEvents = YES;
				INFOPLIST_KEY_UILaunchScreen_Generation = YES;
				INFOPLIST_KEY_UISupportedInterfaceOrientations_iPad = "UIInterfaceOrientationPortrait UIInterfaceOrientationPortraitUpsideDown UIInterfaceOrientationLandscapeLeft UIInterfaceOrientationLandscapeRight";
				INFOPLIST_KEY_UISupportedInterfaceOrientations_iPhone = "UIInterfaceOrientationPortrait UIInterfaceOrientationLandscapeLeft UIInterfaceOrientationLandscapeRight";
				LD_RUNPATH_SEARCH_PATHS = (
					"$(inherited)",
					"@executable_path/Frameworks",
				);
				MARKETING_VERSION = 1.0;
				PRODUCT_BUNDLE_IDENTIFIER = com.toki.personal.SwiftModuleDemo;
				PRODUCT_NAME = "$(TARGET_NAME)";
				SWIFT_EMIT_LOC_STRINGS = YES;
				SWIFT_VERSION = 5.0;
				TARGETED_DEVICE_FAMILY = "1,2";
			};
			name = Release;
		};
/* End XCBuildConfiguration section */

/* Begin XCConfigurationList section */
		4E1356B227CE0C4000CEC50B /* Build configuration list for PBXProject "SwiftModuleDemo" */ = {
			isa = XCConfigurationList;
			buildConfigurations = (
				4E1356C327CE0C4000CEC50B /* Debug */,
				4E1356C427CE0C4000CEC50B /* Release */,
			);
			defaultConfigurationIsVisible = 0;
			defaultConfigurationName = Release;
		};
		4E1356C527CE0C4000CEC50B /* Build configuration list for PBXNativeTarget "SwiftModuleDemo" */ = {
			isa = XCConfigurationList;
			buildConfigurations = (
				4E1356C627CE0C4000CEC50B /* Debug */,
				4E1356C727CE0C4000CEC50B /* Release */,
			);
			defaultConfigurationIsVisible = 0;
			defaultConfigurationName = Release;
		};
/* End XCConfigurationList section */

/* Begin XCRemoteSwiftPackageReference section */
		4EB9F09B27CE3C9B00B6E231 /* XCRemoteSwiftPackageReference "TKSPDog" */ = {
			isa = XCRemoteSwiftPackageReference;
			repositoryURL = "git@github.com:TKSwiftPackages/TKSPDog.git";
			requirement = {
				kind = upToNextMajorVersion;
				minimumVersion = 1.0.0;
			};
		};
/* End XCRemoteSwiftPackageReference section */

/* Begin XCSwiftPackageProductDependency section */
		4E1356CB27CE0C9100CEC50B /* Speaker */ = {
			isa = XCSwiftPackageProductDependency;
			productName = Speaker;
		};
		4EB9F09C27CE3C9B00B6E231 /* Dog */ = {
			isa = XCSwiftPackageProductDependency;
			package = 4EB9F09B27CE3C9B00B6E231 /* XCRemoteSwiftPackageReference "TKSPDog" */;
			productName = Dog;
		};
		4EB9F13127CF6FF500B6E231 /* Basket */ = {
			isa = XCSwiftPackageProductDependency;
			productName = Basket;
		};
		4EB9F17F27D0D14D00B6E231 /* Transverter */ = {
			isa = XCSwiftPackageProductDependency;
			productName = Transverter;
		};
		4EB9F1BA27D1B62C00B6E231 /* Visitor */ = {
			isa = XCSwiftPackageProductDependency;
			productName = Visitor;
		};
/* End XCSwiftPackageProductDependency section */
	};
	rootObject = 4E1356AF27CE0C4000CEC50B /* Project object */;
}
